
Microsoft Visual Studio Solution File, Format Version 12.00
# Visual Studio Version 17
VisualStudioVersion = 17.14.37216.2
MinimumVisualStudioVersion = 10.0.40219.1
Project("{2150E333-8FDC-42A3-9474-1A3956D46DE8}") = "src", "src", "{02EA681E-C7D8-13C7-8484-4AC65E1B71E8}"
EndProject
Project("{FAE04EC0-301F-11D3-BF4B-00C04F79EFBC}") = "EFCrudOperations", "src\EFCrudOperations\EFCrudOperations.csproj", "{AAF86444-04E9-4D68-B876-7B6048BDA723}"
EndProject
Project("{FAE04EC0-301F-11D3-BF4B-00C04F79EFBC}") = "EFQuerying", "src\EFQuerying\EFQuerying.csproj", "{BB9EDB97-D8E4-49CC-BFD8-B6B384F45C3B}"
EndProject
Project("{FAE04EC0-301F-11D3-BF4B-00C04F79EFBC}") = "EFOtherQuerying", "src\EFOtherQuerying\EFOtherQuerying.csproj", "{F6D8C4D4-8A22-453D-9BF6-8467250DCFCF}"
EndProject
Project("{FAE04EC0-301F-11D3-BF4B-00C04F79EFBC}") = "EFChangeTracker", "src\EFChangeTracker\EFChangeTracker.csproj", "{501B9899-090A-4BAD-8C2C-1A0DC4EF3E31}"
EndProject
Global
	GlobalSection(SolutionConfigurationPlatforms) = preSolution
		Debug|Any CPU = Debug|Any CPU
		Release|Any CPU = Release|Any CPU
	EndGlobalSection
	GlobalSection(ProjectConfigurationPlatforms) = postSolution
		{AAF86444-04E9-4D68-B876-7B6048BDA723}.Debug|Any CPU.ActiveCfg = Debug|Any CPU
		{AAF86444-04E9-4D68-B876-7B6048BDA723}.Debug|Any CPU.Build.0 = Debug|Any CPU
		{AAF86444-04E9-4D68-B876-7B6048BDA723}.Release|Any CPU.ActiveCfg = Release|Any CPU
		{AAF86444-04E9-4D68-B876-7B6048BDA723}.Release|Any CPU.Build.0 = Release|Any CPU
		{BB9EDB97-D8E4-49CC-BFD8-B6B384F45C3B}.Debug|Any CPU.ActiveCfg = Debug|Any CPU
		{BB9EDB97-D8E4-49CC-BFD8-B6B384F45C3B}.Debug|Any CPU.Build.0 = Debug|Any CPU
		{BB9EDB97-D8E4-49CC-BFD8-B6B384F45C3B}.Release|Any CPU.ActiveCfg = Release|Any CPU
		{BB9EDB97-D8E4-49CC-BFD8-B6B384F45C3B}.Release|Any CPU.Build.0 = Release|Any CPU
		{F6D8C4D4-8A22-453D-9BF6-8467250DCFCF}.Debug|Any CPU.ActiveCfg = Debug|Any CPU
		{F6D8C4D4-8A22-453D-9BF6-8467250DCFCF}.Debug|Any CPU.Build.0 = Debug|Any CPU
		{F6D8C4D4-8A22-453D-9BF6-8467250DCFCF}.Release|Any CPU.ActiveCfg = Release|Any CPU
		{F6D8C4D4-8A22-453D-9BF6-8467250DCFCF}.Release|Any CPU.Build.0 = Release|Any CPU
		{501B9899-090A-4BAD-8C2C-1A0DC4EF3E31}.Debug|Any CPU.ActiveCfg = Debug|Any CPU
		{501B9899-090A-4BAD-8C2C-1A0DC4EF3E31}.Debug|Any CPU.Build.0 = Debug|Any CPU
		{501B9899-090A-4BAD-8C2C-1A0DC4EF3E31}.Release|Any CPU.ActiveCfg = Release|Any CPU
		{501B9899-090A-4BAD-8C2C-1A0DC4EF3E31}.Release|Any CPU.Build.0 = Release|Any CPU
	EndGlobalSection
	GlobalSection(SolutionProperties) = preSolution
		HideSolutionNode = FALSE
	EndGlobalSection
	GlobalSection(NestedProjects) = preSolution
		{AAF86444-04E9-4D68-B876-7B6048BDA723} = {02EA681E-C7D8-13C7-8484-4AC65E1B71E8}
		{BB9EDB97-D8E4-49CC-BFD8-B6B384F45C3B} = {02EA681E-C7D8-13C7-8484-4AC65E1B71E8}
		{F6D8C4D4-8A22-453D-9BF6-8467250DCFCF} = {02EA681E-C7D8-13C7-8484-4AC65E1B71E8}
		{501B9899-090A-4BAD-8C2C-1A0DC4EF3E31} = {02EA681E-C7D8-13C7-8484-4AC65E1B71E8}
	EndGlobalSection
	GlobalSection(ExtensibilityGlobals) = postSolution
		SolutionGuid = {D2146040-F760-48E3-921B-CFA001D925B2}
	EndGlobalSection
EndGlobal
